lockfileVersion: 5.3

specifiers:
  '@web-configs/prettier': 0.1.1
  unist-util-visit: 2.0.3

dependencies:
  unist-util-visit: 2.0.3

devDependencies:
  '@web-configs/prettier': 0.1.1

packages:

  /@types/unist/2.0.6:
    resolution: {integrity: sha512-PBjIUxZHOuj0R15/xuwJYjFi+KZdNFrehocChv4g5hu6aFroHue8m0lBP0POdK2nKzbw0cgV1mws8+V/JAcEkQ==}
    dev: false

  /@web-configs/prettier/0.1.1:
    resolution: {integrity: sha512-joUfgKK0zxD1vf+hM3voGEFDTcgBLtVw8VDrK8NDp/+QxGaqBoh5LPSxZihawIgw/LflZ+27k84B7Aj/kzKmZg==}
    dev: true

  /unist-util-is/4.1.0:
    resolution: {integrity: sha512-ZOQSsnce92GrxSqlnEEseX0gi7GH9zTJZ0p9dtu87WRb/37mMPO2Ilx1s/t9vBHrFhbgweUwb+t7cIn5dxPhZg==}
    dev: false

  /unist-util-visit-parents/3.1.1:
    resolution: {integrity: sha512-1KROIZWo6bcMrZEwiH2UrXDyalAa0uqzWCxCJj6lPOvTve2WkfgCytoDTPaMnodXh1WrXOq0haVYHj99ynJlsg==}
    dependencies:
      '@types/unist': 2.0.6
      unist-util-is: 4.1.0
    dev: false

  /unist-util-visit/2.0.3:
    resolution: {integrity: sha512-iJ4/RczbJMkD0712mGktuGpm/U4By4FfDonL7N/9tATGIF4imikjOuagyMY53tnZq3NP6BcmlrHhEKAfGWjh7Q==}
    dependencies:
      '@types/unist': 2.0.6
      unist-util-is: 4.1.0
      unist-util-visit-parents: 3.1.1
    dev: false
